
Microsoft Visual Studio Solution File, Format Version 12.00
# Visual Studio Version 16
VisualStudioVersion = 16.0.31321.278
MinimumVisualStudioVersion = 10.0.40219.1
Project("{9A19103F-16F7-4668-BE54-9A1E7A4F7556}") = "WebSaleHfFood", "WebSaleHfFood\WebSaleHfFood.csproj", "{10481794-077C-4CA0-A3F6-A828BF5F0819}"
EndProject
Project("{9A19103F-16F7-4668-BE54-9A1E7A4F7556}") = "Hfmart.AdminApi", "Hfmart.AdminApi\Hfmart.AdminApi.csproj", "{EFA0EE3C-E7E2-4F75-8182-1EC4D5BCBCEE}"
EndProject
Project("{9A19103F-16F7-4668-BE54-9A1E7A4F7556}") = "Hfmart.Domain", "Hfmart.Domain\Hfmart.Domain.csproj", "{C594B8FB-FD2B-4B7D-B5F0-EA52A83CDC5C}"
EndProject
Project("{FAE04EC0-301F-11D3-BF4B-00C04F79EFBC}") = "Hfmart.File", "Hfmart.File\Hfmart.File.csproj", "{73D50D6B-ACC4-4FE2-A3CB-1D2388976F50}"
EndProject
Global
	GlobalSection(SolutionConfigurationPlatforms) = preSolution
		Debug|Any CPU = Debug|Any CPU
		Release|Any CPU = Release|Any CPU
	EndGlobalSection
	GlobalSection(ProjectConfigurationPlatforms) = postSolution
		{10481794-077C-4CA0-A3F6-A828BF5F0819}.Debug|Any CPU.ActiveCfg = Debug|Any CPU
		{10481794-077C-4CA0-A3F6-A828BF5F0819}.Debug|Any CPU.Build.0 = Debug|Any CPU
		{10481794-077C-4CA0-A3F6-A828BF5F0819}.Release|Any CPU.ActiveCfg = Release|Any CPU
		{10481794-077C-4CA0-A3F6-A828BF5F0819}.Release|Any CPU.Build.0 = Release|Any CPU
		{EFA0EE3C-E7E2-4F75-8182-1EC4D5BCBCEE}.Debug|Any CPU.ActiveCfg = Debug|Any CPU
		{EFA0EE3C-E7E2-4F75-8182-1EC4D5BCBCEE}.Debug|Any CPU.Build.0 = Debug|Any CPU
		{EFA0EE3C-E7E2-4F75-8182-1EC4D5BCBCEE}.Release|Any CPU.ActiveCfg = Release|Any CPU
		{EFA0EE3C-E7E2-4F75-8182-1EC4D5BCBCEE}.Release|Any CPU.Build.0 = Release|Any CPU
		{C594B8FB-FD2B-4B7D-B5F0-EA52A83CDC5C}.Debug|Any CPU.ActiveCfg = Debug|Any CPU
		{C594B8FB-FD2B-4B7D-B5F0-EA52A83CDC5C}.Debug|Any CPU.Build.0 = Debug|Any CPU
		{C594B8FB-FD2B-4B7D-B5F0-EA52A83CDC5C}.Release|Any CPU.ActiveCfg = Release|Any CPU
		{C594B8FB-FD2B-4B7D-B5F0-EA52A83CDC5C}.Release|Any CPU.Build.0 = Release|Any CPU
		{73D50D6B-ACC4-4FE2-A3CB-1D2388976F50}.Debug|Any CPU.ActiveCfg = Debug|Any CPU
		{73D50D6B-ACC4-4FE2-A3CB-1D2388976F50}.Debug|Any CPU.Build.0 = Debug|Any CPU
		{73D50D6B-ACC4-4FE2-A3CB-1D2388976F50}.Release|Any CPU.ActiveCfg = Release|Any CPU
		{73D50D6B-ACC4-4FE2-A3CB-1D2388976F50}.Release|Any CPU.Build.0 = Release|Any CPU
	EndGlobalSection
	GlobalSection(SolutionProperties) = preSolution
		HideSolutionNode = FALSE
	EndGlobalSection
	GlobalSection(ExtensibilityGlobals) = postSolution
		SolutionGuid = {C097C85B-A9F2-49C4-BF7F-00D5FBD472AB}
	EndGlobalSection
EndGlobal
